// !$*UTF8*$!
{
	archiveVersion = 1;
	classes = {
	};
	objectVersion = 46;
	objects = {

/* Begin PBXBuildFile section */
		B1082ECE1C372E410051C4B4 /* ThirdViewController.m in Sources */ = {isa = PBXBuildFile; fileRef = B1082ECD1C372E410051C4B4 /* ThirdViewController.m */; };
		B1082ED11C37303D0051C4B4 /* FourthViewController.m in Sources */ = {isa = PBXBuildFile; fileRef = B1082ED01C37303D0051C4B4 /* FourthViewController.m */; };
		B1AC563F1BD2E667002640AB /* main.m in Sources */ = {isa = PBXBuildFile; fileRef = B1AC563E1BD2E667002640AB /* main.m */; };
		B1AC56421BD2E667002640AB /* AppDelegate.m in Sources */ = {isa = PBXBuildFile; fileRef = B1AC56411BD2E667002640AB /* AppDelegate.m */; };
		B1AC56451BD2E667002640AB /* FirstViewController.m in Sources */ = {isa = PBXBuildFile; fileRef = B1AC56441BD2E667002640AB /* FirstViewController.m */; };
		B1AC56481BD2E667002640AB /* SecondViewController.m in Sources */ = {isa = PBXBuildFile; fileRef = B1AC56471BD2E667002640AB /* SecondViewController.m */; };
		B1AC564B1BD2E667002640AB /* Main.storyboard in Resources */ = {isa = PBXBuildFile; fileRef = B1AC56491BD2E667002640AB /* Main.storyboard */; };
		B1AC564D1BD2E667002640AB /* Assets.xcassets in Resources */ = {isa = PBXBuildFile; fileRef = B1AC564C1BD2E667002640AB /* Assets.xcassets */; };
		B1AC56501BD2E667002640AB /* LaunchScreen.storyboard in Resources */ = {isa = PBXBuildFile; fileRef = B1AC564E1BD2E667002640AB /* LaunchScreen.storyboard */; };
		B1AC565B1BD2E667002640AB /* intentlyTests.m in Sources */ = {isa = PBXBuildFile; fileRef = B1AC565A1BD2E667002640AB /* intentlyTests.m */; };
		B1AC56661BD2E667002640AB /* intentlyUITests.m in Sources */ = {isa = PBXBuildFile; fileRef = B1AC56651BD2E667002640AB /* intentlyUITests.m */; };
		B1AC56B21BD4732D002640AB /* FUNmedia.m in Sources */ = {isa = PBXBuildFile; fileRef = B1AC56B11BD4732D002640AB /* FUNmedia.m */; };
		B1B974331BEEFD7100E0462C /* FUNmediaList.m in Sources */ = {isa = PBXBuildFile; fileRef = B1B974321BEEFD7100E0462C /* FUNmediaList.m */; };
/* End PBXBuildFile section */

/* Begin PBXContainerItemProxy section */
		B1AC56571BD2E667002640AB /* PBXContainerItemProxy */ = {
			isa = PBXContainerItemProxy;
			containerPortal = B1AC56321BD2E667002640AB /* Project object */;
			proxyType = 1;
			remoteGlobalIDString = B1AC56391BD2E667002640AB;
			remoteInfo = intently;
		};
		B1AC56621BD2E667002640AB /* PBXContainerItemProxy */ = {
			isa = PBXContainerItemProxy;
			containerPortal = B1AC56321BD2E667002640AB /* Project object */;
			proxyType = 1;
			remoteGlobalIDString = B1AC56391BD2E667002640AB;
			remoteInfo = intently;
		};
/* End PBXContainerItemProxy section */

/* Begin PBXFileReference section */
		B1082ECC1C372E410051C4B4 /* ThirdViewController.h */ = {isa = PBXFileReference; fileEncoding = 4; lastKnownFileType = sourcecode.c.h; path = ThirdViewController.h; sourceTree = "<group>"; };
		B1082ECD1C372E410051C4B4 /* ThirdViewController.m */ = {isa = PBXFileReference; fileEncoding = 4; lastKnownFileType = sourcecode.c.objc; path = ThirdViewController.m; sourceTree = "<group>"; };
		B1082ECF1C37303D0051C4B4 /* FourthViewController.h */ = {isa = PBXFileReference; fileEncoding = 4; lastKnownFileType = sourcecode.c.h; path = FourthViewController.h; sourceTree = "<group>"; };
		B1082ED01C37303D0051C4B4 /* FourthViewController.m */ = {isa = PBXFileReference; fileEncoding = 4; lastKnownFileType = sourcecode.c.objc; path = FourthViewController.m; sourceTree = "<group>"; };
		B1AC563A1BD2E667002640AB /* intently.app */ = {isa = PBXFileReference; explicitFileType = wrapper.application; includeInIndex = 0; path = intently.app; sourceTree = BUILT_PRODUCTS_DIR; };
		B1AC563E1BD2E667002640AB /* main.m */ = {isa = PBXFileReference; lastKnownFileType = sourcecode.c.objc; path = main.m; sourceTree = "<group>"; };
		B1AC56401BD2E667002640AB /* AppDelegate.h */ = {isa = PBXFileReference; lastKnownFileType = sourcecode.c.h; path = AppDelegate.h; sourceTree = "<group>"; };
		B1AC56411BD2E667002640AB /* AppDelegate.m */ = {isa = PBXFileReference; lastKnownFileType = sourcecode.c.objc; path = AppDelegate.m; sourceTree = "<group>"; };
		B1AC56431BD2E667002640AB /* FirstViewController.h */ = {isa = PBXFileReference; lastKnownFileType = sourcecode.c.h; path = FirstViewController.h; sourceTree = "<group>"; };
		B1AC56441BD2E667002640AB /* FirstViewController.m */ = {isa = PBXFileReference; lastKnownFileType = sourcecode.c.objc; path = FirstViewController.m; sourceTree = "<group>"; };
		B1AC56461BD2E667002640AB /* SecondViewController.h */ = {isa = PBXFileReference; lastKnownFileType = sourcecode.c.h; path = SecondViewController.h; sourceTree = "<group>"; };
		B1AC56471BD2E667002640AB /* SecondViewController.m */ = {isa = PBXFileReference; lastKnownFileType = sourcecode.c.objc; path = SecondViewController.m; sourceTree = "<group>"; };
		B1AC564A1BD2E667002640AB /* Base */ = {isa = PBXFileReference; lastKnownFileType = file.storyboard; name = Base; path = Base.lproj/Main.storyboard; sourceTree = "<group>"; };
		B1AC564C1BD2E667002640AB /* Assets.xcassets */ = {isa = PBXFileReference; lastKnownFileType = folder.assetcatalog; path = Assets.xcassets; sourceTree = "<group>"; };
		B1AC564F1BD2E667002640AB /* Base */ = {isa = PBXFileReference; lastKnownFileType = file.storyboard; name = Base; path = Base.lproj/LaunchScreen.storyboard; sourceTree = "<group>"; };
		B1AC56511BD2E667002640AB /* Info.plist */ = {isa = PBXFileReference; lastKnownFileType = text.plist.xml; path = Info.plist; sourceTree = "<group>"; };
		B1AC56561BD2E667002640AB /* intentlyTests.xctest */ = {isa = PBXFileReference; explicitFileType = wrapper.cfbundle; includeInIndex = 0; path = intentlyTests.xctest; sourceTree = BUILT_PRODUCTS_DIR; };
		B1AC565A1BD2E667002640AB /* intentlyTests.m */ = {isa = PBXFileReference; lastKnownFileType = sourcecode.c.objc; path = intentlyTests.m; sourceTree = "<group>"; };
		B1AC565C1BD2E667002640AB /* Info.plist */ = {isa = PBXFileReference; lastKnownFileType = text.plist.xml; path = Info.plist; sourceTree = "<group>"; };
		B1AC56611BD2E667002640AB /* intentlyUITests.xctest */ = {isa = PBXFileReference; explicitFileType = wrapper.cfbundle; includeInIndex = 0; path = intentlyUITests.xctest; sourceTree = BUILT_PRODUCTS_DIR; };
		B1AC56651BD2E667002640AB /* intentlyUITests.m */ = {isa = PBXFileReference; lastKnownFileType = sourcecode.c.objc; path = intentlyUITests.m; sourceTree = "<group>"; };
		B1AC56671BD2E667002640AB /* Info.plist */ = {isa = PBXFileReference; lastKnownFileType = text.plist.xml; path = Info.plist; sourceTree = "<group>"; };
		B1AC56B01BD4732D002640AB /* FUNmedia.h */ = {isa = PBXFileReference; fileEncoding = 4; lastKnownFileType = sourcecode.c.h; path = FUNmedia.h; sourceTree = "<group>"; };
		B1AC56B11BD4732D002640AB /* FUNmedia.m */ = {isa = PBXFileReference; fileEncoding = 4; lastKnownFileType = sourcecode.c.objc; path = FUNmedia.m; sourceTree = "<group>"; };
		B1B974311BEEFD7100E0462C /* FUNmediaList.h */ = {isa = PBXFileReference; fileEncoding = 4; lastKnownFileType = sourcecode.c.h; path = FUNmediaList.h; sourceTree = "<group>"; };
		B1B974321BEEFD7100E0462C /* FUNmediaList.m */ = {isa = PBXFileReference; fileEncoding = 4; lastKnownFileType = sourcecode.c.objc; path = FUNmediaList.m; sourceTree = "<group>"; };
/* End PBXFileReference section */

/* Begin PBXFrameworksBuildPhase section */
		B1AC56371BD2E667002640AB /* Frameworks */ = {
			isa = PBXFrameworksBuildPhase;
			buildActionMask = 2147483647;
			files = (
			);
			runOnlyForDeploymentPostprocessing = 0;
		};
		B1AC56531BD2E667002640AB /* Frameworks */ = {
			isa = PBXFrameworksBuildPhase;
			buildActionMask = 2147483647;
			files = (
			);
			runOnlyForDeploymentPostprocessing = 0;
		};
		B1AC565E1BD2E667002640AB /* Frameworks */ = {
			isa = PBXFrameworksBuildPhase;
			buildActionMask = 2147483647;
			files = (
			);
			runOnlyForDeploymentPostprocessing = 0;
		};
/* End PBXFrameworksBuildPhase section */

/* Begin PBXGroup section */
		B1AC56311BD2E667002640AB = {
			isa = PBXGroup;
			children = (
				B1AC563C1BD2E667002640AB /* intently */,
				B1AC56591BD2E667002640AB /* intentlyTests */,
				B1AC56641BD2E667002640AB /* intentlyUITests */,
				B1AC563B1BD2E667002640AB /* Products */,
			);
			sourceTree = "<group>";
		};
		B1AC563B1BD2E667002640AB /* Products */ = {
			isa = PBXGroup;
			children = (
				B1AC563A1BD2E667002640AB /* intently.app */,
				B1AC56561BD2E667002640AB /* intentlyTests.xctest */,
				B1AC56611BD2E667002640AB /* intentlyUITests.xctest */,
			);
			name = Products;
			sourceTree = "<group>";
		};
		B1AC563C1BD2E667002640AB /* intently */ = {
			isa = PBXGroup;
			children = (
				B1AC56401BD2E667002640AB /* AppDelegate.h */,
				B1AC56411BD2E667002640AB /* AppDelegate.m */,
				B1AC56431BD2E667002640AB /* FirstViewController.h */,
				B1AC56441BD2E667002640AB /* FirstViewController.m */,
				B1AC56461BD2E667002640AB /* SecondViewController.h */,
				B1AC56471BD2E667002640AB /* SecondViewController.m */,
				B1082ECC1C372E410051C4B4 /* ThirdViewController.h */,
				B1082ECD1C372E410051C4B4 /* ThirdViewController.m */,
				B1082ECF1C37303D0051C4B4 /* FourthViewController.h */,
				B1082ED01C37303D0051C4B4 /* FourthViewController.m */,
				B1AC56491BD2E667002640AB /* Main.storyboard */,
				B1AC564C1BD2E667002640AB /* Assets.xcassets */,
				B1AC564E1BD2E667002640AB /* LaunchScreen.storyboard */,
				B1AC56511BD2E667002640AB /* Info.plist */,
				B1AC563D1BD2E667002640AB /* Supporting Files */,
				B1AC56B01BD4732D002640AB /* FUNmedia.h */,
				B1AC56B11BD4732D002640AB /* FUNmedia.m */,
				B1B974311BEEFD7100E0462C /* FUNmediaList.h */,
				B1B974321BEEFD7100E0462C /* FUNmediaList.m */,
			);
			path = intently;
			sourceTree = "<group>";
		};
		B1AC563D1BD2E667002640AB /* Supporting Files */ = {
			isa = PBXGroup;
			children = (
				B1AC563E1BD2E667002640AB /* main.m */,
			);
			name = "Supporting Files";
			sourceTree = "<group>";
		};
		B1AC56591BD2E667002640AB /* intentlyTests */ = {
			isa = PBXGroup;
			children = (
				B1AC565A1BD2E667002640AB /* intentlyTests.m */,
				B1AC565C1BD2E667002640AB /* Info.plist */,
			);
			path = intentlyTests;
			sourceTree = "<group>";
		};
		B1AC56641BD2E667002640AB /* intentlyUITests */ = {
			isa = PBXGroup;
			children = (
				B1AC56651BD2E667002640AB /* intentlyUITests.m */,
				B1AC56671BD2E667002640AB /* Info.plist */,
			);
			path = intentlyUITests;
			sourceTree = "<group>";
		};
/* End PBXGroup section */

/* Begin PBXNativeTarget section */
		B1AC56391BD2E667002640AB /* intently */ = {
			isa = PBXNativeTarget;
			buildConfigurationList = B1AC566A1BD2E667002640AB /* Build configuration list for PBXNativeTarget "intently" */;
			buildPhases = (
				B1AC56361BD2E667002640AB /* Sources */,
				B1AC56371BD2E667002640AB /* Frameworks */,
				B1AC56381BD2E667002640AB /* Resources */,
			);
			buildRules = (
			);
			dependencies = (
			);
			name = intently;
			productName = intently;
			productReference = B1AC563A1BD2E667002640AB /* intently.app */;
			productType = "com.apple.product-type.application";
		};
		B1AC56551BD2E667002640AB /* intentlyTests */ = {
			isa = PBXNativeTarget;
			buildConfigurationList = B1AC566D1BD2E667002640AB /* Build configuration list for PBXNativeTarget "intentlyTests" */;
			buildPhases = (
				B1AC56521BD2E667002640AB /* Sources */,
				B1AC56531BD2E667002640AB /* Frameworks */,
				B1AC56541BD2E667002640AB /* Resources */,
			);
			buildRules = (
			);
			dependencies = (
				B1AC56581BD2E667002640AB /* PBXTargetDependency */,
			);
			name = intentlyTests;
			productName = intentlyTests;
			productReference = B1AC56561BD2E667002640AB /* intentlyTests.xctest */;
			productType = "com.apple.product-type.bundle.unit-test";
		};
		B1AC56601BD2E667002640AB /* intentlyUITests */ = {
			isa = PBXNativeTarget;
			buildConfigurationList = B1AC56701BD2E667002640AB /* Build configuration list for PBXNativeTarget "intentlyUITests" */;
			buildPhases = (
				B1AC565D1BD2E667002640AB /* Sources */,
				B1AC565E1BD2E667002640AB /* Frameworks */,
				B1AC565F1BD2E667002640AB /* Resources */,
			);
			buildRules = (
			);
			dependencies = (
				B1AC56631BD2E667002640AB /* PBXTargetDependency */,
			);
			name = intentlyUITests;
			productName = intentlyUITests;
			productReference = B1AC56611BD2E667002640AB /* intentlyUITests.xctest */;
			productType = "com.apple.product-type.bundle.ui-testing";
		};
/* End PBXNativeTarget section */

/* Begin PBXProject section */
		B1AC56321BD2E667002640AB /* Project object */ = {
			isa = PBXProject;
			attributes = {
				LastUpgradeCheck = 0700;
				ORGANIZATIONNAME = FunderDevelopment;
				TargetAttributes = {
					B1AC56391BD2E667002640AB = {
						CreatedOnToolsVersion = 7.0.1;
					};
					B1AC56551BD2E667002640AB = {
						CreatedOnToolsVersion = 7.0.1;
						TestTargetID = B1AC56391BD2E667002640AB;
					};
					B1AC56601BD2E667002640AB = {
						CreatedOnToolsVersion = 7.0.1;
						TestTargetID = B1AC56391BD2E667002640AB;
					};
				};
			};
			buildConfigurationList = B1AC56351BD2E667002640AB /* Build configuration list for PBXProject "intently" */;
			compatibilityVersion = "Xcode 3.2";
			developmentRegion = English;
			hasScannedForEncodings = 0;
			knownRegions = (
				en,
				Base,
			);
			mainGroup = B1AC56311BD2E667002640AB;
			productRefGroup = B1AC563B1BD2E667002640AB /* Products */;
			projectDirPath = "";
			projectRoot = "";
			targets = (
				B1AC56391BD2E667002640AB /* intently */,
				B1AC56551BD2E667002640AB /* intentlyTests */,
				B1AC56601BD2E667002640AB /* intentlyUITests */,
			);
		};
/* End PBXProject section */

/* Begin PBXResourcesBuildPhase section */
		B1AC56381BD2E667002640AB /* Resources */ = {
			isa = PBXResourcesBuildPhase;
			buildActionMask = 2147483647;
			files = (
				B1AC56501BD2E667002640AB /* LaunchScreen.storyboard in Resources */,
				B1AC564D1BD2E667002640AB /* Assets.xcassets in Resources */,
				B1AC564B1BD2E667002640AB /* Main.storyboard in Resources */,
			);
			runOnlyForDeploymentPostprocessing = 0;
		};
		B1AC56541BD2E667002640AB /* Resources */ = {
			isa = PBXResourcesBuildPhase;
			buildActionMask = 2147483647;
			files = (
			);
			runOnlyForDeploymentPostprocessing = 0;
		};
		B1AC565F1BD2E667002640AB /* Resources */ = {
			isa = PBXResourcesBuildPhase;
			buildActionMask = 2147483647;
			files = (
			);
			runOnlyForDeploymentPostprocessing = 0;
		};
/* End PBXResourcesBuildPhase section */

/* Begin PBXSourcesBuildPhase section */
		B1AC56361BD2E667002640AB /* Sources */ = {
			isa = PBXSourcesBuildPhase;
			buildActionMask = 2147483647;
			files = (
				B1082ED11C37303D0051C4B4 /* FourthViewController.m in Sources */,
				B1AC56B21BD4732D002640AB /* FUNmedia.m in Sources */,
				B1AC56481BD2E667002640AB /* SecondViewController.m in Sources */,
				B1B974331BEEFD7100E0462C /* FUNmediaList.m in Sources */,
				B1AC56421BD2E667002640AB /* AppDelegate.m in Sources */,
				B1AC56451BD2E667002640AB /* FirstViewController.m in Sources */,
				B1AC563F1BD2E667002640AB /* main.m in Sources */,
				B1082ECE1C372E410051C4B4 /* ThirdViewController.m in Sources */,
			);
			runOnlyForDeploymentPostprocessing = 0;
		};
		B1AC56521BD2E667002640AB /* Sources */ = {
			isa = PBXSourcesBuildPhase;
			buildActionMask = 2147483647;
			files = (
				B1AC565B1BD2E667002640AB /* intentlyTests.m in Sources */,
			);
			runOnlyForDeploymentPostprocessing = 0;
		};
		B1AC565D1BD2E667002640AB /* Sources */ = {
			isa = PBXSourcesBuildPhase;
			buildActionMask = 2147483647;
			files = (
				B1AC56661BD2E667002640AB /* intentlyUITests.m in Sources */,
			);
			runOnlyForDeploymentPostprocessing = 0;
		};
/* End PBXSourcesBuildPhase section */

/* Begin PBXTargetDependency section */
		B1AC56581BD2E667002640AB /* PBXTargetDependency */ = {
			isa = PBXTargetDependency;
			target = B1AC56391BD2E667002640AB /* intently */;
			targetProxy = B1AC56571BD2E667002640AB /* PBXContainerItemProxy */;
		};
		B1AC56631BD2E667002640AB /* PBXTargetDependency */ = {
			isa = PBXTargetDependency;
			target = B1AC56391BD2E667002640AB /* intently */;
			targetProxy = B1AC56621BD2E667002640AB /* PBXContainerItemProxy */;
		};
/* End PBXTargetDependency section */

/* Begin PBXVariantGroup section */
		B1AC56491BD2E667002640AB /* Main.storyboard */ = {
			isa = PBXVariantGroup;
			children = (
				B1AC564A1BD2E667002640AB /* Base */,
			);
			name = Main.storyboard;
			sourceTree = "<group>";
		};
		B1AC564E1BD2E667002640AB /* LaunchScreen.storyboard */ = {
			isa = PBXVariantGroup;
			children = (
				B1AC564F1BD2E667002640AB /* Base */,
			);
			name = LaunchScreen.storyboard;
			sourceTree = "<group>";
		};
/* End PBXVariantGroup section */

/* Begin XCBuildConfiguration section */
		B1AC56681BD2E667002640AB /* Debug */ = {
			isa = XCBuildConfiguration;
			buildSettings = {
				ALWAYS_SEARCH_USER_PATHS = NO;
				CLANG_CXX_LANGUAGE_STANDARD = "gnu++0x";
				CLANG_CXX_LIBRARY = "libc++";
				CLANG_ENABLE_MODULES = YES;
				CLANG_ENABLE_OBJC_ARC = YES;
				CLANG_WARN_BOOL_CONVERSION = YES;
				CLANG_WARN_CONSTANT_CONVERSION = YES;
				CLANG_WARN_DIRECT_OBJC_ISA_USAGE = YES_ERROR;
				CLANG_WARN_EMPTY_BODY = YES;
				CLANG_WARN_ENUM_CONVERSION = YES;
				CLANG_WARN_INT_CONVERSION = YES;
				CLANG_WARN_OBJC_ROOT_CLASS = YES_ERROR;
				CLANG_WARN_UNREACHABLE_CODE = YES;
				CLANG_WARN__DUPLICATE_METHOD_MATCH = YES;
				"CODE_SIGN_IDENTITY[sdk=iphoneos*]" = "iPhone Developer";
				COPY_PHASE_STRIP = NO;
				DEBUG_INFORMATION_FORMAT = dwarf;
				ENABLE_STRICT_OBJC_MSGSEND = YES;
				ENABLE_TESTABILITY = YES;
				GCC_C_LANGUAGE_STANDARD = gnu99;
				GCC_DYNAMIC_NO_PIC = NO;
				GCC_NO_COMMON_BLOCKS = YES;
				GCC_OPTIMIZATION_LEVEL = 0;
				GCC_PREPROCESSOR_DEFINITIONS = (
					"DEBUG=1",
					"$(inherited)",
				);
				GCC_WARN_64_TO_32_BIT_CONVERSION = YES;
				GCC_WARN_ABOUT_RETURN_TYPE = YES_ERROR;
				GCC_WARN_UNDECLARED_SELECTOR = YES;
				GCC_WARN_UNINITIALIZED_AUTOS = YES_AGGRESSIVE;
				GCC_WARN_UNUSED_FUNCTION = YES;
				GCC_WARN_UNUSED_VARIABLE = YES;
				IPHONEOS_DEPLOYMENT_TARGET = 9.0;
				MTL_ENABLE_DEBUG_INFO = YES;
				ONLY_ACTIVE_ARCH = YES;
				SDKROOT = iphoneos;
				TARGETED_DEVICE_FAMILY = "1,2";
			};
			name = Debug;
		};
		B1AC56691BD2E667002640AB /* Release */ = {
			isa = XCBuildConfiguration;
			buildSettings = {
				ALWAYS_SEARCH_USER_PATHS = NO;
				CLANG_CXX_LANGUAGE_STANDARD = "gnu++0x";
				CLANG_CXX_LIBRARY = "libc++";
				CLANG_ENABLE_MODULES = YES;
				CLANG_ENABLE_OBJC_ARC = YES;
				CLANG_WARN_BOOL_CONVERSION = YES;
				CLANG_WARN_CONSTANT_CONVERSION = YES;
				CLANG_WARN_DIRECT_OBJC_ISA_USAGE = YES_ERROR;
				CLANG_WARN_EMPTY_BODY = YES;
				CLANG_WARN_ENUM_CONVERSION = YES;
				CLANG_WARN_INT_CONVERSION = YES;
				CLANG_WARN_OBJC_ROOT_CLASS = YES_ERROR;
				CLANG_WARN_UNREACHABLE_CODE = YES;
				CLANG_WARN__DUPLICATE_METHOD_MATCH = YES;
				"CODE_SIGN_IDENTITY[sdk=iphoneos*]" = "iPhone Developer";
				COPY_PHASE_STRIP = NO;
				DEBUG_INFORMATION_FORMAT = "dwarf-with-dsym";
				ENABLE_NS_ASSERTIONS = NO;
				ENABLE_STRICT_OBJC_MSGSEND = YES;
				GCC_C_LANGUAGE_STANDARD = gnu99;
				GCC_NO_COMMON_BLOCKS = YES;
				GCC_WARN_64_TO_32_BIT_CONVERSION = YES;
				GCC_WARN_ABOUT_RETURN_TYPE = YES_ERROR;
				GCC_WARN_UNDECLARED_SELECTOR = YES;
				GCC_WARN_UNINITIALIZED_AUTOS = YES_AGGRESSIVE;
				GCC_WARN_UNUSED_FUNCTION = YES;
				GCC_WARN_UNUSED_VARIABLE = YES;
				IPHONEOS_DEPLOYMENT_TARGET = 9.0;
				MTL_ENABLE_DEBUG_INFO = NO;
				SDKROOT = iphoneos;
				TARGETED_DEVICE_FAMILY = "1,2";
				VALIDATE_PRODUCT = YES;
			};
			name = Release;
		};
		B1AC566B1BD2E667002640AB /* Debug */ = {
			isa = XCBuildConfiguration;
			buildSettings = {
				ASSETCATALOG_COMPILER_APPICON_NAME = AppIcon;
				INFOPLIST_FILE = intently/Info.plist;
				IPHONEOS_DEPLOYMENT_TARGET = 9.0;
				LD_RUNPATH_SEARCH_PATHS = "$(inherited) @executable_path/Frameworks";
				PRODUCT_BUNDLE_IDENTIFIER = funderDevelopment.intently;
				PRODUCT_NAME = "$(TARGET_NAME)";
			};
			name = Debug;
		};
		B1AC566C1BD2E667002640AB /* Release */ = {
			isa = XCBuildConfiguration;
			buildSettings = {
				ASSETCATALOG_COMPILER_APPICON_NAME = AppIcon;
				INFOPLIST_FILE = intently/Info.plist;
				IPHONEOS_DEPLOYMENT_TARGET = 9.0;
				LD_RUNPATH_SEARCH_PATHS = "$(inherited) @executable_path/Frameworks";
				PRODUCT_BUNDLE_IDENTIFIER = funderDevelopment.intently;
				PRODUCT_NAME = "$(TARGET_NAME)";
			};
			name = Release;
		};
		B1AC566E1BD2E667002640AB /* Debug */ = {
			isa = XCBuildConfiguration;
			buildSettings = {
				BUNDLE_LOADER = "$(TEST_HOST)";
				INFOPLIST_FILE = intentlyTests/Info.plist;
				LD_RUNPATH_SEARCH_PATHS = "$(inherited) @executable_path/Frameworks @loader_path/Frameworks";
				PRODUCT_BUNDLE_IDENTIFIER = funderDevelopment.intentlyTests;
				PRODUCT_NAME = "$(TARGET_NAME)";
				TEST_HOST = "$(BUILT_PRODUCTS_DIR)/intently.app/intently";
			};
			name = Debug;
		};
		B1AC566F1BD2E667002640AB /* Release */ = {
			isa = XCBuildConfiguration;
			buildSettings = {
				BUNDLE_LOADER = "$(TEST_HOST)";
				INFOPLIST_FILE = intentlyTests/Info.plist;
				LD_RUNPATH_SEARCH_PATHS = "$(inherited) @executable_path/Frameworks @loader_path/Frameworks";
				PRODUCT_BUNDLE_IDENTIFIER = funderDevelopment.intentlyTests;
				PRODUCT_NAME = "$(TARGET_NAME)";
				TEST_HOST = "$(BUILT_PRODUCTS_DIR)/intently.app/intently";
			};
			name = Release;
		};
		B1AC56711BD2E667002640AB /* Debug */ = {
			isa = XCBuildConfiguration;
			buildSettings = {
				INFOPLIST_FILE = intentlyUITests/Info.plist;
				LD_RUNPATH_SEARCH_PATHS = "$(inherited) @executable_path/Frameworks @loader_path/Frameworks";
				PRODUCT_BUNDLE_IDENTIFIER = funderDevelopment.intentlyUITests;
				PRODUCT_NAME = "$(TARGET_NAME)";
				TEST_TARGET_NAME = intently;
				USES_XCTRUNNER = YES;
			};
			name = Debug;
		};
		B1AC56721BD2E667002640AB /* Release */ = {
			isa = XCBuildConfiguration;
			buildSettings = {
				INFOPLIST_FILE = intentlyUITests/Info.plist;
				LD_RUNPATH_SEARCH_PATHS = "$(inherited) @executable_path/Frameworks @loader_path/Frameworks";
				PRODUCT_BUNDLE_IDENTIFIER = funderDevelopment.intentlyUITests;
				PRODUCT_NAME = "$(TARGET_NAME)";
				TEST_TARGET_NAME = intently;
				USES_XCTRUNNER = YES;
			};
			name = Release;
		};
/* End XCBuildConfiguration section */

/* Begin XCConfigurationList section */
		B1AC56351BD2E667002640AB /* Build configuration list for PBXProject "intently" */ = {
			isa = XCConfigurationList;
			buildConfigurations = (
				B1AC56681BD2E667002640AB /* Debug */,
				B1AC56691BD2E667002640AB /* Release */,
			);
			defaultConfigurationIsVisible = 0;
			defaultConfigurationName = Release;
		};
		B1AC566A1BD2E667002640AB /* Build configuration list for PBXNativeTarget "intently" */ = {
			isa = XCConfigurationList;
			buildConfigurations = (
				B1AC566B1BD2E667002640AB /* Debug */,
				B1AC566C1BD2E667002640AB /* Release */,
			);
			defaultConfigurationIsVisible = 0;
			defaultConfigurationName = Release;
		};
		B1AC566D1BD2E667002640AB /* Build configuration list for PBXNativeTarget "intentlyTests" */ = {
			isa = XCConfigurationList;
			buildConfigurations = (
				B1AC566E1BD2E667002640AB /* Debug */,
				B1AC566F1BD2E667002640AB /* Release */,
			);
			defaultConfigurationIsVisible = 0;
			defaultConfigurationName = Release;
		};
		B1AC56701BD2E667002640AB /* Build configuration list for PBXNativeTarget "intentlyUITests" */ = {
			isa = XCConfigurationList;
			buildConfigurations = (
				B1AC56711BD2E667002640AB /* Debug */,
				B1AC56721BD2E667002640AB /* Release */,
			);
			defaultConfigurationIsVisible = 0;
			defaultConfigurationName = Release;
		};
/* End XCConfigurationList section */
	};
	rootObject = B1AC56321BD2E667002640AB /* Project object */;
}
